
Microsoft Visual Studio Solution File, Format Version 12.00
# Visual Studio Version 18
VisualStudioVersion = 18.1.11312.151
MinimumVisualStudioVersion = 10.0.40219.1
Project("{FAE04EC0-301F-11D3-BF4B-00C04F79EFBC}") = "SharpSRTP", "SharpSRTP\SharpSRTP.csproj", "{71A66859-0963-5D22-0CEA-58EB2C34BDD5}"
EndProject
Project("{FAE04EC0-301F-11D3-BF4B-00C04F79EFBC}") = "SharpSRTP.Tests", "SharpSRTP.Tests\SharpSRTP.Tests.csproj", "{951B1B0B-41B3-EBD0-13DD-3805A48ACA29}"
EndProject
Project("{2150E333-8FDC-42A3-9474-1A3956D46DE8}") = "Samples", "Samples", "{21E27E69-7494-4F67-B305-F676812ECAD2}"
EndProject
Project("{FAE04EC0-301F-11D3-BF4B-00C04F79EFBC}") = "DtlsServerSample", "DtlsServerSample\DtlsServerSample.csproj", "{D6727D07-EB74-39FF-0053-1879A363287D}"
EndProject
Project("{FAE04EC0-301F-11D3-BF4B-00C04F79EFBC}") = "DtlsClientSample", "DtlsClientSample\DtlsClientSample.csproj", "{7CEDBFB5-48BD-A497-A294-C04B5553FDB4}"
EndProject
Project("{2150E333-8FDC-42A3-9474-1A3956D46DE8}") = "Solution Items", "Solution Items", "{D012F6D4-171F-41FC-AE05-CEF1346D9EA8}"
	ProjectSection(SolutionItems) = preProject
		Directory.Build.props = Directory.Build.props
		..\README.md = ..\README.md
	EndProjectSection
EndProject
Project("{FAE04EC0-301F-11D3-BF4B-00C04F79EFBC}") = "DtlsSrtpServerSample", "DtlsSrtpServerSample\DtlsSrtpServerSample.csproj", "{95571BE8-57C2-48D3-B743-A3AF958E2081}"
EndProject
Project("{FAE04EC0-301F-11D3-BF4B-00C04F79EFBC}") = "DtlsSrtpClientSample", "DtlsSrtpClientSample\DtlsSrtpClientSample.csproj", "{F76EADBF-2BC8-4493-8C61-357D41A0990C}"
EndProject
Project("{FAE04EC0-301F-11D3-BF4B-00C04F79EFBC}") = "SharpSRTP.Benchmarks", "SharpSRTP.Benchmarks\SharpSRTP.Benchmarks.csproj", "{B0AB2A27-9869-2EFF-18C3-16E49905391B}"
EndProject
Global
	GlobalSection(SolutionConfigurationPlatforms) = preSolution
		Debug|Any CPU = Debug|Any CPU
		Release|Any CPU = Release|Any CPU
	EndGlobalSection
	GlobalSection(ProjectConfigurationPlatforms) = postSolution
		{71A66859-0963-5D22-0CEA-58EB2C34BDD5}.Debug|Any CPU.ActiveCfg = Debug|Any CPU
		{71A66859-0963-5D22-0CEA-58EB2C34BDD5}.Debug|Any CPU.Build.0 = Debug|Any CPU
		{71A66859-0963-5D22-0CEA-58EB2C34BDD5}.Release|Any CPU.ActiveCfg = Release|Any CPU
		{71A66859-0963-5D22-0CEA-58EB2C34BDD5}.Release|Any CPU.Build.0 = Release|Any CPU
		{951B1B0B-41B3-EBD0-13DD-3805A48ACA29}.Debug|Any CPU.ActiveCfg = Debug|Any CPU
		{951B1B0B-41B3-EBD0-13DD-3805A48ACA29}.Debug|Any CPU.Build.0 = Debug|Any CPU
		{951B1B0B-41B3-EBD0-13DD-3805A48ACA29}.Release|Any CPU.ActiveCfg = Release|Any CPU
		{951B1B0B-41B3-EBD0-13DD-3805A48ACA29}.Release|Any CPU.Build.0 = Release|Any CPU
		{D6727D07-EB74-39FF-0053-1879A363287D}.Debug|Any CPU.ActiveCfg = Debug|Any CPU
		{D6727D07-EB74-39FF-0053-1879A363287D}.Debug|Any CPU.Build.0 = Debug|Any CPU
		{D6727D07-EB74-39FF-0053-1879A363287D}.Release|Any CPU.ActiveCfg = Release|Any CPU
		{D6727D07-EB74-39FF-0053-1879A363287D}.Release|Any CPU.Build.0 = Release|Any CPU
		{7CEDBFB5-48BD-A497-A294-C04B5553FDB4}.Debug|Any CPU.ActiveCfg = Debug|Any CPU
		{7CEDBFB5-48BD-A497-A294-C04B5553FDB4}.Debug|Any CPU.Build.0 = Debug|Any CPU
		{7CEDBFB5-48BD-A497-A294-C04B5553FDB4}.Release|Any CPU.ActiveCfg = Release|Any CPU
		{7CEDBFB5-48BD-A497-A294-C04B5553FDB4}.Release|Any CPU.Build.0 = Release|Any CPU
		{95571BE8-57C2-48D3-B743-A3AF958E2081}.Debug|Any CPU.ActiveCfg = Debug|Any CPU
		{95571BE8-57C2-48D3-B743-A3AF958E2081}.Debug|Any CPU.Build.0 = Debug|Any CPU
		{95571BE8-57C2-48D3-B743-A3AF958E2081}.Release|Any CPU.ActiveCfg = Release|Any CPU
		{95571BE8-57C2-48D3-B743-A3AF958E2081}.Release|Any CPU.Build.0 = Release|Any CPU
		{F76EADBF-2BC8-4493-8C61-357D41A0990C}.Debug|Any CPU.ActiveCfg = Debug|Any CPU
		{F76EADBF-2BC8-4493-8C61-357D41A0990C}.Debug|Any CPU.Build.0 = Debug|Any CPU
		{F76EADBF-2BC8-4493-8C61-357D41A0990C}.Release|Any CPU.ActiveCfg = Release|Any CPU
		{F76EADBF-2BC8-4493-8C61-357D41A0990C}.Release|Any CPU.Build.0 = Release|Any CPU
		{B0AB2A27-9869-2EFF-18C3-16E49905391B}.Debug|Any CPU.ActiveCfg = Debug|Any CPU
		{B0AB2A27-9869-2EFF-18C3-16E49905391B}.Debug|Any CPU.Build.0 = Debug|Any CPU
		{B0AB2A27-9869-2EFF-18C3-16E49905391B}.Release|Any CPU.ActiveCfg = Release|Any CPU
		{B0AB2A27-9869-2EFF-18C3-16E49905391B}.Release|Any CPU.Build.0 = Release|Any CPU
	EndGlobalSection
	GlobalSection(SolutionProperties) = preSolution
		HideSolutionNode = FALSE
	EndGlobalSection
	GlobalSection(NestedProjects) = preSolution
		{D6727D07-EB74-39FF-0053-1879A363287D} = {21E27E69-7494-4F67-B305-F676812ECAD2}
		{7CEDBFB5-48BD-A497-A294-C04B5553FDB4} = {21E27E69-7494-4F67-B305-F676812ECAD2}
		{95571BE8-57C2-48D3-B743-A3AF958E2081} = {21E27E69-7494-4F67-B305-F676812ECAD2}
		{F76EADBF-2BC8-4493-8C61-357D41A0990C} = {21E27E69-7494-4F67-B305-F676812ECAD2}
	EndGlobalSection
	GlobalSection(ExtensibilityGlobals) = postSolution
		SolutionGuid = {7BB35DFC-7105-41DD-9C84-532E709B76E8}
	EndGlobalSection
EndGlobal
